
Microsoft Visual Studio Solution File, Format Version 12.00
# Visual Studio Version 17
VisualStudioVersion = 17.6.33815.320
MinimumVisualStudioVersion = 10.0.40219.1
Project("{FAE04EC0-301F-11D3-BF4B-00C04F79EFBC}") = "DylanDeSouzaSimpleExerciseTracker.UWP", "DylanDeSouzaSimpleExerciseTracker\DylanDeSouzaSimpleExerciseTracker.UWP\DylanDeSouzaSimpleExerciseTracker.UWP.csproj", "{F87AB497-42ED-4923-A4D4-A95F559E6E3C}"
EndProject
Project("{FAE04EC0-301F-11D3-BF4B-00C04F79EFBC}") = "DylanDeSouzaSimpleExerciseTracker.Android", "DylanDeSouzaSimpleExerciseTracker\DylanDeSouzaSimpleExerciseTracker.Android\DylanDeSouzaSimpleExerciseTracker.Android.csproj", "{8C53CF04-715C-453D-8C4C-8A99FA7954AB}"
EndProject
Project("{FAE04EC0-301F-11D3-BF4B-00C04F79EFBC}") = "DylanDeSouzaSimpleExerciseTracker.iOS", "DylanDeSouzaSimpleExerciseTracker\DylanDeSouzaSimpleExerciseTracker.iOS\DylanDeSouzaSimpleExerciseTracker.iOS.csproj", "{62D4A775-6591-44EA-B8C0-4962C85C8A00}"
EndProject
Project("{FAE04EC0-301F-11D3-BF4B-00C04F79EFBC}") = "DylanDeSouzaSimpleExerciseTracker", "DylanDeSouzaSimpleExerciseTracker\DylanDeSouzaSimpleExerciseTracker\DylanDeSouzaSimpleExerciseTracker.csproj", "{F2236C81-EC51-4FD7-8BC2-7258E2BB213E}"
EndProject
Global
	GlobalSection(SolutionConfigurationPlatforms) = preSolution
		Debug|Any CPU = Debug|Any CPU
		Debug|ARM = Debug|ARM
		Debug|iPhone = Debug|iPhone
		Debug|iPhoneSimulator = Debug|iPhoneSimulator
		Debug|x64 = Debug|x64
		Debug|x86 = Debug|x86
		Release|Any CPU = Release|Any CPU
		Release|ARM = Release|ARM
		Release|iPhone = Release|iPhone
		Release|iPhoneSimulator = Release|iPhoneSimulator
		Release|x64 = Release|x64
		Release|x86 = Release|x86
	EndGlobalSection
	GlobalSection(ProjectConfigurationPlatforms) = postSolution
		{F87AB497-42ED-4923-A4D4-A95F559E6E3C}.Debug|Any CPU.ActiveCfg = Debug|x64
		{F87AB497-42ED-4923-A4D4-A95F559E6E3C}.Debug|Any CPU.Build.0 = Debug|x64
		{F87AB497-42ED-4923-A4D4-A95F559E6E3C}.Debug|Any CPU.Deploy.0 = Debug|x64
		{F87AB497-42ED-4923-A4D4-A95F559E6E3C}.Debug|ARM.ActiveCfg = Debug|ARM
		{F87AB497-42ED-4923-A4D4-A95F559E6E3C}.Debug|ARM.Build.0 = Debug|ARM
		{F87AB497-42ED-4923-A4D4-A95F559E6E3C}.Debug|ARM.Deploy.0 = Debug|ARM
		{F87AB497-42ED-4923-A4D4-A95F559E6E3C}.Debug|iPhone.ActiveCfg = Debug|x64
		{F87AB497-42ED-4923-A4D4-A95F559E6E3C}.Debug|iPhone.Build.0 = Debug|x64
		{F87AB497-42ED-4923-A4D4-A95F559E6E3C}.Debug|iPhone.Deploy.0 = Debug|x64
		{F87AB497-42ED-4923-A4D4-A95F559E6E3C}.Debug|iPhoneSimulator.ActiveCfg = Debug|x64
		{F87AB497-42ED-4923-A4D4-A95F559E6E3C}.Debug|iPhoneSimulator.Build.0 = Debug|x64
		{F87AB497-42ED-4923-A4D4-A95F559E6E3C}.Debug|iPhoneSimulator.Deploy.0 = Debug|x64
		{F87AB497-42ED-4923-A4D4-A95F559E6E3C}.Debug|x64.ActiveCfg = Debug|x64
		{F87AB497-42ED-4923-A4D4-A95F559E6E3C}.Debug|x64.Build.0 = Debug|x64
		{F87AB497-42ED-4923-A4D4-A95F559E6E3C}.Debug|x64.Deploy.0 = Debug|x64
		{F87AB497-42ED-4923-A4D4-A95F559E6E3C}.Debug|x86.ActiveCfg = Debug|x86
		{F87AB497-42ED-4923-A4D4-A95F559E6E3C}.Debug|x86.Build.0 = Debug|x86
		{F87AB497-42ED-4923-A4D4-A95F559E6E3C}.Debug|x86.Deploy.0 = Debug|x86
		{F87AB497-42ED-4923-A4D4-A95F559E6E3C}.Release|Any CPU.ActiveCfg = Release|x64
		{F87AB497-42ED-4923-A4D4-A95F559E6E3C}.Release|Any CPU.Build.0 = Release|x64
		{F87AB497-42ED-4923-A4D4-A95F559E6E3C}.Release|Any CPU.Deploy.0 = Release|x64
		{F87AB497-42ED-4923-A4D4-A95F559E6E3C}.Release|ARM.ActiveCfg = Release|ARM
		{F87AB497-42ED-4923-A4D4-A95F559E6E3C}.Release|ARM.Build.0 = Release|ARM
		{F87AB497-42ED-4923-A4D4-A95F559E6E3C}.Release|ARM.Deploy.0 = Release|ARM
		{F87AB497-42ED-4923-A4D4-A95F559E6E3C}.Release|iPhone.ActiveCfg = Release|x64
		{F87AB497-42ED-4923-A4D4-A95F559E6E3C}.Release|iPhone.Build.0 = Release|x64
		{F87AB497-42ED-4923-A4D4-A95F559E6E3C}.Release|iPhone.Deploy.0 = Release|x64
		{F87AB497-42ED-4923-A4D4-A95F559E6E3C}.Release|iPhoneSimulator.ActiveCfg = Release|x64
		{F87AB497-42ED-4923-A4D4-A95F559E6E3C}.Release|iPhoneSimulator.Build.0 = Release|x64
		{F87AB497-42ED-4923-A4D4-A95F559E6E3C}.Release|iPhoneSimulator.Deploy.0 = Release|x64
		{F87AB497-42ED-4923-A4D4-A95F559E6E3C}.Release|x64.ActiveCfg = Release|x64
		{F87AB497-42ED-4923-A4D4-A95F559E6E3C}.Release|x64.Build.0 = Release|x64
		{F87AB497-42ED-4923-A4D4-A95F559E6E3C}.Release|x64.Deploy.0 = Release|x64
		{F87AB497-42ED-4923-A4D4-A95F559E6E3C}.Release|x86.ActiveCfg = Release|x86
		{F87AB497-42ED-4923-A4D4-A95F559E6E3C}.Release|x86.Build.0 = Release|x86
		{F87AB497-42ED-4923-A4D4-A95F559E6E3C}.Release|x86.Deploy.0 = Release|x86
		{8C53CF04-715C-453D-8C4C-8A99FA7954AB}.Debug|Any CPU.ActiveCfg = Debug|Any CPU
		{8C53CF04-715C-453D-8C4C-8A99FA7954AB}.Debug|Any CPU.Build.0 = Debug|Any CPU
		{8C53CF04-715C-453D-8C4C-8A99FA7954AB}.Debug|Any CPU.Deploy.0 = Debug|Any CPU
		{8C53CF04-715C-453D-8C4C-8A99FA7954AB}.Debug|ARM.ActiveCfg = Debug|Any CPU
		{8C53CF04-715C-453D-8C4C-8A99FA7954AB}.Debug|ARM.Build.0 = Debug|Any CPU
		{8C53CF04-715C-453D-8C4C-8A99FA7954AB}.Debug|ARM.Deploy.0 = Debug|Any CPU
		{8C53CF04-715C-453D-8C4C-8A99FA7954AB}.Debug|iPhone.ActiveCfg = Debug|Any CPU
		{8C53CF04-715C-453D-8C4C-8A99FA7954AB}.Debug|iPhone.Build.0 = Debug|Any CPU
		{8C53CF04-715C-453D-8C4C-8A99FA7954AB}.Debug|iPhone.Deploy.0 = Debug|Any CPU
		{8C53CF04-715C-453D-8C4C-8A99FA7954AB}.Debug|iPhoneSimulator.ActiveCfg = Debug|Any CPU
		{8C53CF04-715C-453D-8C4C-8A99FA7954AB}.Debug|iPhoneSimulator.Build.0 = Debug|Any CPU
		{8C53CF04-715C-453D-8C4C-8A99FA7954AB}.Debug|iPhoneSimulator.Deploy.0 = Debug|Any CPU
		{8C53CF04-715C-453D-8C4C-8A99FA7954AB}.Debug|x64.ActiveCfg = Debug|Any CPU
		{8C53CF04-715C-453D-8C4C-8A99FA7954AB}.Debug|x64.Build.0 = Debug|Any CPU
		{8C53CF04-715C-453D-8C4C-8A99FA7954AB}.Debug|x64.Deploy.0 = Debug|Any CPU
		{8C53CF04-715C-453D-8C4C-8A99FA7954AB}.Debug|x86.ActiveCfg = Debug|Any CPU
		{8C53CF04-715C-453D-8C4C-8A99FA7954AB}.Debug|x86.Build.0 = Debug|Any CPU
		{8C53CF04-715C-453D-8C4C-8A99FA7954AB}.Debug|x86.Deploy.0 = Debug|Any CPU
		{8C53CF04-715C-453D-8C4C-8A99FA7954AB}.Release|Any CPU.ActiveCfg = Release|Any CPU
		{8C53CF04-715C-453D-8C4C-8A99FA7954AB}.Release|Any CPU.Build.0 = Release|Any CPU
		{8C53CF04-715C-453D-8C4C-8A99FA7954AB}.Release|Any CPU.Deploy.0 = Release|Any CPU
		{8C53CF04-715C-453D-8C4C-8A99FA7954AB}.Release|ARM.ActiveCfg = Release|Any CPU
		{8C53CF04-715C-453D-8C4C-8A99FA7954AB}.Release|ARM.Build.0 = Release|Any CPU
		{8C53CF04-715C-453D-8C4C-8A99FA7954AB}.Release|ARM.Deploy.0 = Release|Any CPU
		{8C53CF04-715C-453D-8C4C-8A99FA7954AB}.Release|iPhone.ActiveCfg = Release|Any CPU
		{8C53CF04-715C-453D-8C4C-8A99FA7954AB}.Release|iPhone.Build.0 = Release|Any CPU
		{8C53CF04-715C-453D-8C4C-8A99FA7954AB}.Release|iPhone.Deploy.0 = Release|Any CPU
		{8C53CF04-715C-453D-8C4C-8A99FA7954AB}.Release|iPhoneSimulator.ActiveCfg = Release|Any CPU
		{8C53CF04-715C-453D-8C4C-8A99FA7954AB}.Release|iPhoneSimulator.Build.0 = Release|Any CPU
		{8C53CF04-715C-453D-8C4C-8A99FA7954AB}.Release|iPhoneSimulator.Deploy.0 = Release|Any CPU
		{8C53CF04-715C-453D-8C4C-8A99FA7954AB}.Release|x64.ActiveCfg = Release|Any CPU
		{8C53CF04-715C-453D-8C4C-8A99FA7954AB}.Release|x64.Build.0 = Release|Any CPU
		{8C53CF04-715C-453D-8C4C-8A99FA7954AB}.Release|x64.Deploy.0 = Release|Any CPU
		{8C53CF04-715C-453D-8C4C-8A99FA7954AB}.Release|x86.ActiveCfg = Release|Any CPU
		{8C53CF04-715C-453D-8C4C-8A99FA7954AB}.Release|x86.Build.0 = Release|Any CPU
		{8C53CF04-715C-453D-8C4C-8A99FA7954AB}.Release|x86.Deploy.0 = Release|Any CPU
		{62D4A775-6591-44EA-B8C0-4962C85C8A00}.Debug|Any CPU.ActiveCfg = Debug|iPhoneSimulator
		{62D4A775-6591-44EA-B8C0-4962C85C8A00}.Debug|Any CPU.Build.0 = Debug|iPhoneSimulator
		{62D4A775-6591-44EA-B8C0-4962C85C8A00}.Debug|Any CPU.Deploy.0 = Debug|iPhoneSimulator
		{62D4A775-6591-44EA-B8C0-4962C85C8A00}.Debug|ARM.ActiveCfg = Debug|iPhoneSimulator
		{62D4A775-6591-44EA-B8C0-4962C85C8A00}.Debug|ARM.Build.0 = Debug|iPhoneSimulator
		{62D4A775-6591-44EA-B8C0-4962C85C8A00}.Debug|ARM.Deploy.0 = Debug|iPhoneSimulator
		{62D4A775-6591-44EA-B8C0-4962C85C8A00}.Debug|iPhone.ActiveCfg = Debug|iPhone
		{62D4A775-6591-44EA-B8C0-4962C85C8A00}.Debug|iPhone.Build.0 = Debug|iPhone
		{62D4A775-6591-44EA-B8C0-4962C85C8A00}.Debug|iPhone.Deploy.0 = Debug|iPhone
		{62D4A775-6591-44EA-B8C0-4962C85C8A00}.Debug|iPhoneSimulator.ActiveCfg = Debug|iPhoneSimulator
		{62D4A775-6591-44EA-B8C0-4962C85C8A00}.Debug|iPhoneSimulator.Build.0 = Debug|iPhoneSimulator
		{62D4A775-6591-44EA-B8C0-4962C85C8A00}.Debug|iPhoneSimulator.Deploy.0 = Debug|iPhoneSimulator
		{62D4A775-6591-44EA-B8C0-4962C85C8A00}.Debug|x64.ActiveCfg = Debug|iPhone
		{62D4A775-6591-44EA-B8C0-4962C85C8A00}.Debug|x64.Build.0 = Debug|iPhone
		{62D4A775-6591-44EA-B8C0-4962C85C8A00}.Debug|x64.Deploy.0 = Debug|iPhone
		{62D4A775-6591-44EA-B8C0-4962C85C8A00}.Debug|x86.ActiveCfg = Debug|iPhoneSimulator
		{62D4A775-6591-44EA-B8C0-4962C85C8A00}.Debug|x86.Build.0 = Debug|iPhoneSimulator
		{62D4A775-6591-44EA-B8C0-4962C85C8A00}.Debug|x86.Deploy.0 = Debug|iPhoneSimulator
		{62D4A775-6591-44EA-B8C0-4962C85C8A00}.Release|Any CPU.ActiveCfg = Release|iPhoneSimulator
		{62D4A775-6591-44EA-B8C0-4962C85C8A00}.Release|Any CPU.Build.0 = Release|iPhoneSimulator
		{62D4A775-6591-44EA-B8C0-4962C85C8A00}.Release|Any CPU.Deploy.0 = Release|iPhoneSimulator
		{62D4A775-6591-44EA-B8C0-4962C85C8A00}.Release|ARM.ActiveCfg = Release|iPhoneSimulator
		{62D4A775-6591-44EA-B8C0-4962C85C8A00}.Release|ARM.Build.0 = Release|iPhoneSimulator
		{62D4A775-6591-44EA-B8C0-4962C85C8A00}.Release|ARM.Deploy.0 = Release|iPhoneSimulator
		{62D4A775-6591-44EA-B8C0-4962C85C8A00}.Release|iPhone.ActiveCfg = Release|iPhone
		{62D4A775-6591-44EA-B8C0-4962C85C8A00}.Release|iPhone.Build.0 = Release|iPhone
		{62D4A775-6591-44EA-B8C0-4962C85C8A00}.Release|iPhone.Deploy.0 = Release|iPhone
		{62D4A775-6591-44EA-B8C0-4962C85C8A00}.Release|iPhoneSimulator.ActiveCfg = Release|iPhoneSimulator
		{62D4A775-6591-44EA-B8C0-4962C85C8A00}.Release|iPhoneSimulator.Build.0 = Release|iPhoneSimulator
		{62D4A775-6591-44EA-B8C0-4962C85C8A00}.Release|iPhoneSimulator.Deploy.0 = Release|iPhoneSimulator
		{62D4A775-6591-44EA-B8C0-4962C85C8A00}.Release|x64.ActiveCfg = Release|iPhoneSimulator
		{62D4A775-6591-44EA-B8C0-4962C85C8A00}.Release|x64.Build.0 = Release|iPhoneSimulator
		{62D4A775-6591-44EA-B8C0-4962C85C8A00}.Release|x64.Deploy.0 = Release|iPhoneSimulator
		{62D4A775-6591-44EA-B8C0-4962C85C8A00}.Release|x86.ActiveCfg = Release|iPhoneSimulator
		{62D4A775-6591-44EA-B8C0-4962C85C8A00}.Release|x86.Build.0 = Release|iPhoneSimulator
		{62D4A775-6591-44EA-B8C0-4962C85C8A00}.Release|x86.Deploy.0 = Release|iPhoneSimulator
		{F2236C81-EC51-4FD7-8BC2-7258E2BB213E}.Debug|Any CPU.ActiveCfg = Debug|Any CPU
		{F2236C81-EC51-4FD7-8BC2-7258E2BB213E}.Debug|Any CPU.Build.0 = Debug|Any CPU
		{F2236C81-EC51-4FD7-8BC2-7258E2BB213E}.Debug|Any CPU.Deploy.0 = Debug|Any CPU
		{F2236C81-EC51-4FD7-8BC2-7258E2BB213E}.Debug|ARM.ActiveCfg = Debug|Any CPU
		{F2236C81-EC51-4FD7-8BC2-7258E2BB213E}.Debug|ARM.Build.0 = Debug|Any CPU
		{F2236C81-EC51-4FD7-8BC2-7258E2BB213E}.Debug|ARM.Deploy.0 = Debug|Any CPU
		{F2236C81-EC51-4FD7-8BC2-7258E2BB213E}.Debug|iPhone.ActiveCfg = Debug|Any CPU
		{F2236C81-EC51-4FD7-8BC2-7258E2BB213E}.Debug|iPhone.Build.0 = Debug|Any CPU
		{F2236C81-EC51-4FD7-8BC2-7258E2BB213E}.Debug|iPhone.Deploy.0 = Debug|Any CPU
		{F2236C81-EC51-4FD7-8BC2-7258E2BB213E}.Debug|iPhoneSimulator.ActiveCfg = Debug|Any CPU
		{F2236C81-EC51-4FD7-8BC2-7258E2BB213E}.Debug|iPhoneSimulator.Build.0 = Debug|Any CPU
		{F2236C81-EC51-4FD7-8BC2-7258E2BB213E}.Debug|iPhoneSimulator.Deploy.0 = Debug|Any CPU
		{F2236C81-EC51-4FD7-8BC2-7258E2BB213E}.Debug|x64.ActiveCfg = Debug|Any CPU
		{F2236C81-EC51-4FD7-8BC2-7258E2BB213E}.Debug|x64.Build.0 = Debug|Any CPU
		{F2236C81-EC51-4FD7-8BC2-7258E2BB213E}.Debug|x64.Deploy.0 = Debug|Any CPU
		{F2236C81-EC51-4FD7-8BC2-7258E2BB213E}.Debug|x86.ActiveCfg = Debug|Any CPU
		{F2236C81-EC51-4FD7-8BC2-7258E2BB213E}.Debug|x86.Build.0 = Debug|Any CPU
		{F2236C81-EC51-4FD7-8BC2-7258E2BB213E}.Debug|x86.Deploy.0 = Debug|Any CPU
		{F2236C81-EC51-4FD7-8BC2-7258E2BB213E}.Release|Any CPU.ActiveCfg = Release|Any CPU
		{F2236C81-EC51-4FD7-8BC2-7258E2BB213E}.Release|Any CPU.Build.0 = Release|Any CPU
		{F2236C81-EC51-4FD7-8BC2-7258E2BB213E}.Release|Any CPU.Deploy.0 = Release|Any CPU
		{F2236C81-EC51-4FD7-8BC2-7258E2BB213E}.Release|ARM.ActiveCfg = Release|Any CPU
		{F2236C81-EC51-4FD7-8BC2-7258E2BB213E}.Release|ARM.Build.0 = Release|Any CPU
		{F2236C81-EC51-4FD7-8BC2-7258E2BB213E}.Release|ARM.Deploy.0 = Release|Any CPU
		{F2236C81-EC51-4FD7-8BC2-7258E2BB213E}.Release|iPhone.ActiveCfg = Release|Any CPU
		{F2236C81-EC51-4FD7-8BC2-7258E2BB213E}.Release|iPhone.Build.0 = Release|Any CPU
		{F2236C81-EC51-4FD7-8BC2-7258E2BB213E}.Release|iPhone.Deploy.0 = Release|Any CPU
		{F2236C81-EC51-4FD7-8BC2-7258E2BB213E}.Release|iPhoneSimulator.ActiveCfg = Release|Any CPU
		{F2236C81-EC51-4FD7-8BC2-7258E2BB213E}.Release|iPhoneSimulator.Build.0 = Release|Any CPU
		{F2236C81-EC51-4FD7-8BC2-7258E2BB213E}.Release|iPhoneSimulator.Deploy.0 = Release|Any CPU
		{F2236C81-EC51-4FD7-8BC2-7258E2BB213E}.Release|x64.ActiveCfg = Release|Any CPU
		{F2236C81-EC51-4FD7-8BC2-7258E2BB213E}.Release|x64.Build.0 = Release|Any CPU
		{F2236C81-EC51-4FD7-8BC2-7258E2BB213E}.Release|x64.Deploy.0 = Release|Any CPU
		{F2236C81-EC51-4FD7-8BC2-7258E2BB213E}.Release|x86.ActiveCfg = Release|Any CPU
		{F2236C81-EC51-4FD7-8BC2-7258E2BB213E}.Release|x86.Build.0 = Release|Any CPU
		{F2236C81-EC51-4FD7-8BC2-7258E2BB213E}.Release|x86.Deploy.0 = Release|Any CPU
	EndGlobalSection
	GlobalSection(SolutionProperties) = preSolution
		HideSolutionNode = FALSE
	EndGlobalSection
	GlobalSection(ExtensibilityGlobals) = postSolution
		SolutionGuid = {4DDB4D9B-DE40-4380-8C5B-DB330F4C6ACE}
	EndGlobalSection
EndGlobal
